
Microsoft Visual Studio Solution File, Format Version 12.00
# Visual Studio Version 17
VisualStudioVersion = 17.8.34408.163
MinimumVisualStudioVersion = 10.0.40219.1
Project("{9A19103F-16F7-4668-BE54-9A1E7A4F7556}") = "ConvertorToDataBase", "ConvertorToDataBase\ConvertorToDataBase.csproj", "{12EDBC27-624E-404C-8ACB-726D5F3F9C2B}"
EndProject
Project("{9A19103F-16F7-4668-BE54-9A1E7A4F7556}") = "ConvertorToDatabaseIntegrationTest", "ConvertorToDatabaseUnitTest\ConvertorToDatabaseIntegrationTest.csproj", "{CF4243D9-70C1-4D1A-862F-11C5DE6EAEA3}"
EndProject
Global
	GlobalSection(SolutionConfigurationPlatforms) = preSolution
		Debug|Any CPU = Debug|Any CPU
		Release|Any CPU = Release|Any CPU
	EndGlobalSection
	GlobalSection(ProjectConfigurationPlatforms) = postSolution
		{12EDBC27-624E-404C-8ACB-726D5F3F9C2B}.Debug|Any CPU.ActiveCfg = Debug|Any CPU
		{12EDBC27-624E-404C-8ACB-726D5F3F9C2B}.Debug|Any CPU.Build.0 = Debug|Any CPU
		{12EDBC27-624E-404C-8ACB-726D5F3F9C2B}.Debug|Any CPU.Deploy.0 = Debug|Any CPU
		{12EDBC27-624E-404C-8ACB-726D5F3F9C2B}.Release|Any CPU.ActiveCfg = Release|Any CPU
		{12EDBC27-624E-404C-8ACB-726D5F3F9C2B}.Release|Any CPU.Build.0 = Release|Any CPU
		{12EDBC27-624E-404C-8ACB-726D5F3F9C2B}.Release|Any CPU.Deploy.0 = Release|Any CPU
		{CF4243D9-70C1-4D1A-862F-11C5DE6EAEA3}.Debug|Any CPU.ActiveCfg = Debug|Any CPU
		{CF4243D9-70C1-4D1A-862F-11C5DE6EAEA3}.Debug|Any CPU.Build.0 = Debug|Any CPU
		{CF4243D9-70C1-4D1A-862F-11C5DE6EAEA3}.Release|Any CPU.ActiveCfg = Release|Any CPU
		{CF4243D9-70C1-4D1A-862F-11C5DE6EAEA3}.Release|Any CPU.Build.0 = Release|Any CPU
	EndGlobalSection
	GlobalSection(SolutionProperties) = preSolution
		HideSolutionNode = FALSE
	EndGlobalSection
	GlobalSection(ExtensibilityGlobals) = postSolution
		SolutionGuid = {1B859CDB-C4EE-4541-B7AA-6996B206E05F}
	EndGlobalSection
EndGlobal
